
Microsoft Visual Studio Solution File, Format Version 12.00
# Visual Studio 15
VisualStudioVersion = 15.0.28307.1062
MinimumVisualStudioVersion = 10.0.40219.1
Project("{FAE04EC0-301F-11D3-BF4B-00C04F79EFBC}") = "ConsoleApp1", "ConsoleApp1\ConsoleApp1.csproj", "{F5D9FFF8-8E5F-4EE4-A06F-5C78A0DF03EC}"
EndProject
Global
	GlobalSection(SolutionConfigurationPlatforms) = preSolution
		Debug|Any CPU = Debug|Any CPU
		Release|Any CPU = Release|Any CPU
	EndGlobalSection
	GlobalSection(ProjectConfigurationPlatforms) = postSolution
		{F5D9FFF8-8E5F-4EE4-A06F-5C78A0DF03EC}.Debug|Any CPU.ActiveCfg = Debug|Any CPU
		{F5D9FFF8-8E5F-4EE4-A06F-5C78A0DF03EC}.Debug|Any CPU.Build.0 = Debug|Any CPU
		{F5D9FFF8-8E5F-4EE4-A06F-5C78A0DF03EC}.Release|Any CPU.ActiveCfg = Release|Any CPU
		{F5D9FFF8-8E5F-4EE4-A06F-5C78A0DF03EC}.Release|Any CPU.Build.0 = Release|Any CPU
	EndGlobalSection
	GlobalSection(SolutionProperties) = preSolution
		HideSolutionNode = FALSE
	EndGlobalSection
	GlobalSection(ExtensibilityGlobals) = postSolution
		SolutionGuid = {A31F9D69-CBDE-4B38-A49C-F554211186B1}
	EndGlobalSection
EndGlobal
